// !$*UTF8*$!
{
	archiveVersion = 1;
	classes = {
	};
	objectVersion = 46;
	objects = {

/* Begin PBXBuildFile section */
		3E83296C1F0E9CDF002D2023 /* AppDelegate.swift in Sources */ = {isa = PBXBuildFile; fileRef = 3E83296B1F0E9CDF002D2023 /* AppDelegate.swift */; };
		3E83296E1F0E9CDF002D2023 /* ViewController.swift in Sources */ = {isa = PBXBuildFile; fileRef = 3E83296D1F0E9CDF002D2023 /* ViewController.swift */; };
		3E8329711F0E9CDF002D2023 /* Main.storyboard in Resources */ = {isa = PBXBuildFile; fileRef = 3E83296F1F0E9CDF002D2023 /* Main.storyboard */; };
		3E8329741F0E9CDF002D2023 /* GestureRecognize.xcdatamodeld in Sources */ = {isa = PBXBuildFile; fileRef = 3E8329721F0E9CDF002D2023 /* GestureRecognize.xcdatamodeld */; };
		3E8329761F0E9CDF002D2023 /* Assets.xcassets in Resources */ = {isa = PBXBuildFile; fileRef = 3E8329751F0E9CDF002D2023 /* Assets.xcassets */; };
		3E8329791F0E9CDF002D2023 /* LaunchScreen.storyboard in Resources */ = {isa = PBXBuildFile; fileRef = 3E8329771F0E9CDF002D2023 /* LaunchScreen.storyboard */; };
		3EF6B6551F0EB66B006ABC2E /* GlobalVariables.swift in Sources */ = {isa = PBXBuildFile; fileRef = 3EF6B6541F0EB66B006ABC2E /* GlobalVariables.swift */; };
		3EF6B6571F0EE903006ABC2E /* SymbolProtocol.swift in Sources */ = {isa = PBXBuildFile; fileRef = 3EF6B6561F0EE903006ABC2E /* SymbolProtocol.swift */; };
		3EF6B6591F0EECEA006ABC2E /* LoadStaticData.swift in Sources */ = {isa = PBXBuildFile; fileRef = 3EF6B6581F0EECEA006ABC2E /* LoadStaticData.swift */; };
/* End PBXBuildFile section */

/* Begin PBXFileReference section */
		3E8329681F0E9CDF002D2023 /* GestureRecognize.app */ = {isa = PBXFileReference; explicitFileType = wrapper.application; includeInIndex = 0; path = GestureRecognize.app; sourceTree = BUILT_PRODUCTS_DIR; };
		3E83296B1F0E9CDF002D2023 /* AppDelegate.swift */ = {isa = PBXFileReference; lastKnownFileType = sourcecode.swift; path = AppDelegate.swift; sourceTree = "<group>"; };
		3E83296D1F0E9CDF002D2023 /* ViewController.swift */ = {isa = PBXFileReference; lastKnownFileType = sourcecode.swift; path = ViewController.swift; sourceTree = "<group>"; };
		3E8329701F0E9CDF002D2023 /* Base */ = {isa = PBXFileReference; lastKnownFileType = file.storyboard; name = Base; path = Base.lproj/Main.storyboard; sourceTree = "<group>"; };
		3E8329731F0E9CDF002D2023 /* GestureRecognize.xcdatamodel */ = {isa = PBXFileReference; lastKnownFileType = wrapper.xcdatamodel; path = GestureRecognize.xcdatamodel; sourceTree = "<group>"; };
		3E8329751F0E9CDF002D2023 /* Assets.xcassets */ = {isa = PBXFileReference; lastKnownFileType = folder.assetcatalog; path = Assets.xcassets; sourceTree = "<group>"; };
		3E8329781F0E9CDF002D2023 /* Base */ = {isa = PBXFileReference; lastKnownFileType = file.storyboard; name = Base; path = Base.lproj/LaunchScreen.storyboard; sourceTree = "<group>"; };
		3E83297A1F0E9CDF002D2023 /* Info.plist */ = {isa = PBXFileReference; lastKnownFileType = text.plist.xml; path = Info.plist; sourceTree = "<group>"; };
		3EF6B6541F0EB66B006ABC2E /* GlobalVariables.swift */ = {isa = PBXFileReference; fileEncoding = 4; lastKnownFileType = sourcecode.swift; path = GlobalVariables.swift; sourceTree = "<group>"; };
		3EF6B6561F0EE903006ABC2E /* SymbolProtocol.swift */ = {isa = PBXFileReference; fileEncoding = 4; lastKnownFileType = sourcecode.swift; path = SymbolProtocol.swift; sourceTree = "<group>"; };
		3EF6B6581F0EECEA006ABC2E /* LoadStaticData.swift */ = {isa = PBXFileReference; fileEncoding = 4; lastKnownFileType = sourcecode.swift; path = LoadStaticData.swift; sourceTree = "<group>"; };
/* End PBXFileReference section */

/* Begin PBXFrameworksBuildPhase section */
		3E8329651F0E9CDF002D2023 /* Frameworks */ = {
			isa = PBXFrameworksBuildPhase;
			buildActionMask = 2147483647;
			files = (
			);
			runOnlyForDeploymentPostprocessing = 0;
		};
/* End PBXFrameworksBuildPhase section */

/* Begin PBXGroup section */
		3E83295F1F0E9CDF002D2023 = {
			isa = PBXGroup;
			children = (
				3E83296A1F0E9CDF002D2023 /* GestureRecognize */,
				3E8329691F0E9CDF002D2023 /* Products */,
			);
			sourceTree = "<group>";
		};
		3E8329691F0E9CDF002D2023 /* Products */ = {
			isa = PBXGroup;
			children = (
				3E8329681F0E9CDF002D2023 /* GestureRecognize.app */,
			);
			name = Products;
			sourceTree = "<group>";
		};
		3E83296A1F0E9CDF002D2023 /* GestureRecognize */ = {
			isa = PBXGroup;
			children = (
				3E83296B1F0E9CDF002D2023 /* AppDelegate.swift */,
				3E83296D1F0E9CDF002D2023 /* ViewController.swift */,
				3EF6B6541F0EB66B006ABC2E /* GlobalVariables.swift */,
				3E83296F1F0E9CDF002D2023 /* Main.storyboard */,
				3E8329751F0E9CDF002D2023 /* Assets.xcassets */,
				3E8329771F0E9CDF002D2023 /* LaunchScreen.storyboard */,
				3E83297A1F0E9CDF002D2023 /* Info.plist */,
				3E8329721F0E9CDF002D2023 /* GestureRecognize.xcdatamodeld */,
				3EF6B6561F0EE903006ABC2E /* SymbolProtocol.swift */,
				3EF6B6581F0EECEA006ABC2E /* LoadStaticData.swift */,
			);
			path = GestureRecognize;
			sourceTree = "<group>";
		};
/* End PBXGroup section */

/* Begin PBXNativeTarget section */
		3E8329671F0E9CDF002D2023 /* GestureRecognize */ = {
			isa = PBXNativeTarget;
			buildConfigurationList = 3E83297D1F0E9CDF002D2023 /* Build configuration list for PBXNativeTarget "GestureRecognize" */;
			buildPhases = (
				3E8329641F0E9CDF002D2023 /* Sources */,
				3E8329651F0E9CDF002D2023 /* Frameworks */,
				3E8329661F0E9CDF002D2023 /* Resources */,
			);
			buildRules = (
			);
			dependencies = (
			);
			name = GestureRecognize;
			productName = GestureRecognize;
			productReference = 3E8329681F0E9CDF002D2023 /* GestureRecognize.app */;
			productType = "com.apple.product-type.application";
		};
/* End PBXNativeTarget section */

/* Begin PBXProject section */
		3E8329601F0E9CDF002D2023 /* Project object */ = {
			isa = PBXProject;
			attributes = {
				LastSwiftUpdateCheck = 0830;
				LastUpgradeCheck = 0830;
				ORGANIZATIONNAME = "Vasudevan Seshadri";
				TargetAttributes = {
					3E8329671F0E9CDF002D2023 = {
						CreatedOnToolsVersion = 8.3.3;
						DevelopmentTeam = 7ER6D25VEL;
						ProvisioningStyle = Automatic;
					};
				};
			};
			buildConfigurationList = 3E8329631F0E9CDF002D2023 /* Build configuration list for PBXProject "GestureRecognize" */;
			compatibilityVersion = "Xcode 3.2";
			developmentRegion = English;
			hasScannedForEncodings = 0;
			knownRegions = (
				en,
				Base,
			);
			mainGroup = 3E83295F1F0E9CDF002D2023;
			productRefGroup = 3E8329691F0E9CDF002D2023 /* Products */;
			projectDirPath = "";
			projectRoot = "";
			targets = (
				3E8329671F0E9CDF002D2023 /* GestureRecognize */,
			);
		};
/* End PBXProject section */

/* Begin PBXResourcesBuildPhase section */
		3E8329661F0E9CDF002D2023 /* Resources */ = {
			isa = PBXResourcesBuildPhase;
			buildActionMask = 2147483647;
			files = (
				3E8329791F0E9CDF002D2023 /* LaunchScreen.storyboard in Resources */,
				3E8329761F0E9CDF002D2023 /* Assets.xcassets in Resources */,
				3E8329711F0E9CDF002D2023 /* Main.storyboard in Resources */,
			);
			runOnlyForDeploymentPostprocessing = 0;
		};
/* End PBXResourcesBuildPhase section */

/* Begin PBXSourcesBuildPhase section */
		3E8329641F0E9CDF002D2023 /* Sources */ = {
			isa = PBXSourcesBuildPhase;
			buildActionMask = 2147483647;
			files = (
				3E83296E1F0E9CDF002D2023 /* ViewController.swift in Sources */,
				3EF6B6571F0EE903006ABC2E /* SymbolProtocol.swift in Sources */,
				3EF6B6591F0EECEA006ABC2E /* LoadStaticData.swift in Sources */,
				3E8329741F0E9CDF002D2023 /* GestureRecognize.xcdatamodeld in Sources */,
				3EF6B6551F0EB66B006ABC2E /* GlobalVariables.swift in Sources */,
				3E83296C1F0E9CDF002D2023 /* AppDelegate.swift in Sources */,
			);
			runOnlyForDeploymentPostprocessing = 0;
		};
/* End PBXSourcesBuildPhase section */

/* Begin PBXVariantGroup section */
		3E83296F1F0E9CDF002D2023 /* Main.storyboard */ = {
			isa = PBXVariantGroup;
			children = (
				3E8329701F0E9CDF002D2023 /* Base */,
			);
			name = Main.storyboard;
			sourceTree = "<group>";
		};
		3E8329771F0E9CDF002D2023 /* LaunchScreen.storyboard */ = {
			isa = PBXVariantGroup;
			children = (
				3E8329781F0E9CDF002D2023 /* Base */,
			);
			name = LaunchScreen.storyboard;
			sourceTree = "<group>";
		};
/* End PBXVariantGroup section */

/* Begin XCBuildConfiguration section */
		3E83297B1F0E9CDF002D2023 /* Debug */ = {
			isa = XCBuildConfiguration;
			buildSettings = {
				ALWAYS_SEARCH_USER_PATHS = NO;
				CLANG_ANALYZER_NONNULL = YES;
				CLANG_ANALYZER_NUMBER_OBJECT_CONVERSION = YES_AGGRESSIVE;
				CLANG_CXX_LANGUAGE_STANDARD = "gnu++0x";
				CLANG_CXX_LIBRARY = "libc++";
				CLANG_ENABLE_MODULES = YES;
				CLANG_ENABLE_OBJC_ARC = YES;
				CLANG_WARN_BOOL_CONVERSION = YES;
				CLANG_WARN_CONSTANT_CONVERSION = YES;
				CLANG_WARN_DIRECT_OBJC_ISA_USAGE = YES_ERROR;
				CLANG_WARN_DOCUMENTATION_COMMENTS = YES;
				CLANG_WARN_EMPTY_BODY = YES;
				CLANG_WARN_ENUM_CONVERSION = YES;
				CLANG_WARN_INFINITE_RECURSION = YES;
				CLANG_WARN_INT_CONVERSION = YES;
				CLANG_WARN_OBJC_ROOT_CLASS = YES_ERROR;
				CLANG_WARN_SUSPICIOUS_MOVE = YES;
				CLANG_WARN_UNREACHABLE_CODE = YES;
				CLANG_WARN__DUPLICATE_METHOD_MATCH = YES;
				"CODE_SIGN_IDENTITY[sdk=iphoneos*]" = "iPhone Developer";
				COPY_PHASE_STRIP = NO;
				DEBUG_INFORMATION_FORMAT = dwarf;
				ENABLE_STRICT_OBJC_MSGSEND = YES;
				ENABLE_TESTABILITY = YES;
				GCC_C_LANGUAGE_STANDARD = gnu99;
				GCC_DYNAMIC_NO_PIC = NO;
				GCC_NO_COMMON_BLOCKS = YES;
				GCC_OPTIMIZATION_LEVEL = 0;
				GCC_PREPROCESSOR_DEFINITIONS = (
					"DEBUG=1",
					"$(inherited)",
				);
				GCC_WARN_64_TO_32_BIT_CONVERSION = YES;
				GCC_WARN_ABOUT_RETURN_TYPE = YES_ERROR;
				GCC_WARN_UNDECLARED_SELECTOR = YES;
				GCC_WARN_UNINITIALIZED_AUTOS = YES_AGGRESSIVE;
				GCC_WARN_UNUSED_FUNCTION = YES;
				GCC_WARN_UNUSED_VARIABLE = YES;
				IPHONEOS_DEPLOYMENT_TARGET = 10.3;
				MTL_ENABLE_DEBUG_INFO = YES;
				ONLY_ACTIVE_ARCH = YES;
				SDKROOT = iphoneos;
				SWIFT_ACTIVE_COMPILATION_CONDITIONS = DEBUG;
				SWIFT_OPTIMIZATION_LEVEL = "-Onone";
				TARGETED_DEVICE_FAMILY = "1,2";
			};
			name = Debug;
		};
		3E83297C1F0E9CDF002D2023 /* Release */ = {
			isa = XCBuildConfiguration;
			buildSettings = {
				ALWAYS_SEARCH_USER_PATHS = NO;
				CLANG_ANALYZER_NONNULL = YES;
				CLANG_ANALYZER_NUMBER_OBJECT_CONVERSION = YES_AGGRESSIVE;
				CLANG_CXX_LANGUAGE_STANDARD = "gnu++0x";
				CLANG_CXX_LIBRARY = "libc++";
				CLANG_ENABLE_MODULES = YES;
				CLANG_ENABLE_OBJC_ARC = YES;
				CLANG_WARN_BOOL_CONVERSION = YES;
				CLANG_WARN_CONSTANT_CONVERSION = YES;
				CLANG_WARN_DIRECT_OBJC_ISA_USAGE = YES_ERROR;
				CLANG_WARN_DOCUMENTATION_COMMENTS = YES;
				CLANG_WARN_EMPTY_BODY = YES;
				CLANG_WARN_ENUM_CONVERSION = YES;
				CLANG_WARN_INFINITE_RECURSION = YES;
				CLANG_WARN_INT_CONVERSION = YES;
				CLANG_WARN_OBJC_ROOT_CLASS = YES_ERROR;
				CLANG_WARN_SUSPICIOUS_MOVE = YES;
				CLANG_WARN_UNREACHABLE_CODE = YES;
				CLANG_WARN__DUPLICATE_METHOD_MATCH = YES;
				"CODE_SIGN_IDENTITY[sdk=iphoneos*]" = "iPhone Developer";
				COPY_PHASE_STRIP = NO;
				DEBUG_INFORMATION_FORMAT = "dwarf-with-dsym";
				ENABLE_NS_ASSERTIONS = NO;
				ENABLE_STRICT_OBJC_MSGSEND = YES;
				GCC_C_LANGUAGE_STANDARD = gnu99;
				GCC_NO_COMMON_BLOCKS = YES;
				GCC_WARN_64_TO_32_BIT_CONVERSION = YES;
				GCC_WARN_ABOUT_RETURN_TYPE = YES_ERROR;
				GCC_WARN_UNDECLARED_SELECTOR = YES;
				GCC_WARN_UNINITIALIZED_AUTOS = YES_AGGRESSIVE;
				GCC_WARN_UNUSED_FUNCTION = YES;
				GCC_WARN_UNUSED_VARIABLE = YES;
				IPHONEOS_DEPLOYMENT_TARGET = 10.3;
				MTL_ENABLE_DEBUG_INFO = NO;
				SDKROOT = iphoneos;
				SWIFT_OPTIMIZATION_LEVEL = "-Owholemodule";
				TARGETED_DEVICE_FAMILY = "1,2";
				VALIDATE_PRODUCT = YES;
			};
			name = Release;
		};
		3E83297E1F0E9CDF002D2023 /* Debug */ = {
			isa = XCBuildConfiguration;
			buildSettings = {
				ASSETCATALOG_COMPILER_APPICON_NAME = AppIcon;
				DEVELOPMENT_TEAM = 7ER6D25VEL;
				INFOPLIST_FILE = GestureRecognize/Info.plist;
				IPHONEOS_DEPLOYMENT_TARGET = 10.3;
				LD_RUNPATH_SEARCH_PATHS = "$(inherited) @executable_path/Frameworks";
				PRODUCT_BUNDLE_IDENTIFIER = Vasu.GestureRecognize;
				PRODUCT_NAME = "$(TARGET_NAME)";
				SWIFT_VERSION = 3.0;
			};
			name = Debug;
		};
		3E83297F1F0E9CDF002D2023 /* Release */ = {
			isa = XCBuildConfiguration;
			buildSettings = {
				ASSETCATALOG_COMPILER_APPICON_NAME = AppIcon;
				DEVELOPMENT_TEAM = 7ER6D25VEL;
				INFOPLIST_FILE = GestureRecognize/Info.plist;
				IPHONEOS_DEPLOYMENT_TARGET = 10.3;
				LD_RUNPATH_SEARCH_PATHS = "$(inherited) @executable_path/Frameworks";
				PRODUCT_BUNDLE_IDENTIFIER = Vasu.GestureRecognize;
				PRODUCT_NAME = "$(TARGET_NAME)";
				SWIFT_VERSION = 3.0;
			};
			name = Release;
		};
/* End XCBuildConfiguration section */

/* Begin XCConfigurationList section */
		3E8329631F0E9CDF002D2023 /* Build configuration list for PBXProject "GestureRecognize" */ = {
			isa = XCConfigurationList;
			buildConfigurations = (
				3E83297B1F0E9CDF002D2023 /* Debug */,
				3E83297C1F0E9CDF002D2023 /* Release */,
			);
			defaultConfigurationIsVisible = 0;
			defaultConfigurationName = Release;
		};
		3E83297D1F0E9CDF002D2023 /* Build configuration list for PBXNativeTarget "GestureRecognize" */ = {
			isa = XCConfigurationList;
			buildConfigurations = (
				3E83297E1F0E9CDF002D2023 /* Debug */,
				3E83297F1F0E9CDF002D2023 /* Release */,
			);
			defaultConfigurationIsVisible = 0;
			defaultConfigurationName = Release;
		};
/* End XCConfigurationList section */

/* Begin XCVersionGroup section */
		3E8329721F0E9CDF002D2023 /* GestureRecognize.xcdatamodeld */ = {
			isa = XCVersionGroup;
			children = (
				3E8329731F0E9CDF002D2023 /* GestureRecognize.xcdatamodel */,
			);
			currentVersion = 3E8329731F0E9CDF002D2023 /* GestureRecognize.xcdatamodel */;
			path = GestureRecognize.xcdatamodeld;
			sourceTree = "<group>";
			versionGroupType = wrapper.xcdatamodel;
		};
/* End XCVersionGroup section */
	};
	rootObject = 3E8329601F0E9CDF002D2023 /* Project object */;
}
